// !$*UTF8*$!
{
	archiveVersion = 1;
	classes = {
	};
	objectVersion = 51;
	objects = {

/* Begin PBXBuildFile section */
		059097924A1522E133F23E71C6B9DFEF /* PlacerAPI.swift in Sources */ = {isa = PBXBuildFile; fileRef = BA1AFF3F1DB0E5CF7E8FFBECE7797CFB /* PlacerAPI.swift */; };
		065BF7D2B398B1F0C9093C13010B1453 /* Common.framework in Frameworks */ = {isa = PBXBuildFile; fileRef = F4406A21ECFCEC170F8E542FC57D439B /* Common.framework */; };
		10D6C95EF7D919DCA5D3FC90C793C2BE /* Dependency.swift in Sources */ = {isa = PBXBuildFile; fileRef = B4B4115674E2F9E63F20CB5D114E32ED /* Dependency.swift */; };
		3003F59A212D3460E4778596DE11B4CE /* Pods_Network.framework in Frameworks */ = {isa = PBXBuildFile; fileRef = 17793AE2CAD4FA09BC4CE38B464AF7DC /* Pods_Network.framework */; };
		7FADC010F5824DBFBD8B1277BDF45623 /* Network.framework in Frameworks */ = {isa = PBXBuildFile; fileRef = 8D4B4CDF6998DDD3F58F6645C2D6DE1B /* Network.framework */; };
		949E0FE017C64A5034AC643E4B4FCF4C /* Network.h in Headers */ = {isa = PBXBuildFile; fileRef = 6401FA03B5F4A3B3880A3D982E6A7985 /* Network.h */; settings = {ATTRIBUTES = (Public, ); }; };
		98074F37B3157CF871442B02BD3A1304 /* Moya+Rx.swift in Sources */ = {isa = PBXBuildFile; fileRef = F0F18F35A7E1B23FBC1BF43E8DFDD359 /* Moya+Rx.swift */; };
		A15D17301852E8CB027470AACCBA820A /* NetworkTests.swift in Sources */ = {isa = PBXBuildFile; fileRef = 9BB38742144C80B368C8C20843103F55 /* NetworkTests.swift */; };
		C837A55824F61C7DF443FED7A345D836 /* Pods_NetworkTests.framework in Frameworks */ = {isa = PBXBuildFile; fileRef = F4AFC37D8F37EFF7FD40E41839381D13 /* Pods_NetworkTests.framework */; };
/* End PBXBuildFile section */

/* Begin PBXContainerItemProxy section */
		89E010F555D78293AE824672D6F40944 /* PBXContainerItemProxy */ = {
			isa = PBXContainerItemProxy;
			containerPortal = A1913738E8C93B23070AF63F5BA40145 /* Project object */;
			proxyType = 1;
			remoteGlobalIDString = C06536980953C1FA6B25438515104BAC;
			remoteInfo = Network;
		};
/* End PBXContainerItemProxy section */

/* Begin PBXFileReference section */
		0B62E8738934EB2A2A51BB097C09C860 /* Pods-Network.release.xcconfig */ = {isa = PBXFileReference; includeInIndex = 1; lastKnownFileType = text.xcconfig; name = "Pods-Network.release.xcconfig"; path = "Target Support Files/Pods-Network/Pods-Network.release.xcconfig"; sourceTree = "<group>"; };
		17793AE2CAD4FA09BC4CE38B464AF7DC /* Pods_Network.framework */ = {isa = PBXFileReference; explicitFileType = wrapper.framework; includeInIndex = 0; path = Pods_Network.framework; sourceTree = BUILT_PRODUCTS_DIR; };
		6401FA03B5F4A3B3880A3D982E6A7985 /* Network.h */ = {isa = PBXFileReference; fileEncoding = 4; lastKnownFileType = sourcecode.c.h; path = Network.h; sourceTree = "<group>"; };
		8716F8BB5FA36F59487D2F97CC1D8C6E /* Info.plist */ = {isa = PBXFileReference; fileEncoding = 4; lastKnownFileType = text.plist.xml; path = Info.plist; sourceTree = "<group>"; };
		8D4B4CDF6998DDD3F58F6645C2D6DE1B /* Network.framework */ = {isa = PBXFileReference; explicitFileType = wrapper.framework; includeInIndex = 0; path = Network.framework; sourceTree = BUILT_PRODUCTS_DIR; };
		944C4F8530B0CFE69CC7BBD8F714E9A8 /* Info.plist */ = {isa = PBXFileReference; fileEncoding = 4; lastKnownFileType = text.plist.xml; path = Info.plist; sourceTree = "<group>"; };
		97F56EAFF16D8547FAD775AF80B63AC1 /* Pods-Network.debug.xcconfig */ = {isa = PBXFileReference; includeInIndex = 1; lastKnownFileType = text.xcconfig; name = "Pods-Network.debug.xcconfig"; path = "Target Support Files/Pods-Network/Pods-Network.debug.xcconfig"; sourceTree = "<group>"; };
		9BB38742144C80B368C8C20843103F55 /* NetworkTests.swift */ = {isa = PBXFileReference; fileEncoding = 4; lastKnownFileType = sourcecode.swift; path = NetworkTests.swift; sourceTree = "<group>"; };
		A92111E929E792544CD49198CF15A3E2 /* Foundation.framework */ = {isa = PBXFileReference; lastKnownFileType = wrapper.framework; name = Foundation.framework; path = Platforms/MacOSX.platform/Developer/SDKs/MacOSX10.15.sdk/System/Library/Frameworks/Foundation.framework; sourceTree = DEVELOPER_DIR; };
		B4B4115674E2F9E63F20CB5D114E32ED /* Dependency.swift */ = {isa = PBXFileReference; lastKnownFileType = sourcecode.swift; path = Dependency.swift; sourceTree = "<group>"; };
		BA1AFF3F1DB0E5CF7E8FFBECE7797CFB /* PlacerAPI.swift */ = {isa = PBXFileReference; fileEncoding = 4; lastKnownFileType = sourcecode.swift; path = PlacerAPI.swift; sourceTree = "<group>"; };
		C71C37985DBB2571B5119EF84D8DEC64 /* Pods-NetworkTests.release.xcconfig */ = {isa = PBXFileReference; includeInIndex = 1; lastKnownFileType = text.xcconfig; name = "Pods-NetworkTests.release.xcconfig"; path = "Target Support Files/Pods-NetworkTests/Pods-NetworkTests.release.xcconfig"; sourceTree = "<group>"; };
		C72CC4F4353DB505A9781CC1555B50E9 /* NetworkTests.xctest */ = {isa = PBXFileReference; explicitFileType = wrapper.cfbundle; includeInIndex = 0; path = NetworkTests.xctest; sourceTree = BUILT_PRODUCTS_DIR; };
		F0F18F35A7E1B23FBC1BF43E8DFDD359 /* Moya+Rx.swift */ = {isa = PBXFileReference; lastKnownFileType = sourcecode.swift; path = "Moya+Rx.swift"; sourceTree = "<group>"; };
		F4406A21ECFCEC170F8E542FC57D439B /* Common.framework */ = {isa = PBXFileReference; explicitFileType = wrapper.framework; path = Common.framework; sourceTree = BUILT_PRODUCTS_DIR; };
		F4AFC37D8F37EFF7FD40E41839381D13 /* Pods_NetworkTests.framework */ = {isa = PBXFileReference; explicitFileType = wrapper.framework; includeInIndex = 0; path = Pods_NetworkTests.framework; sourceTree = BUILT_PRODUCTS_DIR; };
		F7B345275F5EE526873CC917690000BF /* Pods-NetworkTests.debug.xcconfig */ = {isa = PBXFileReference; includeInIndex = 1; lastKnownFileType = text.xcconfig; name = "Pods-NetworkTests.debug.xcconfig"; path = "Target Support Files/Pods-NetworkTests/Pods-NetworkTests.debug.xcconfig"; sourceTree = "<group>"; };
/* End PBXFileReference section */

/* Begin PBXFrameworksBuildPhase section */
		DD8E74888C2A1AB2503F5F517726E096 /* Frameworks */ = {
			isa = PBXFrameworksBuildPhase;
			buildActionMask = 2147483647;
			files = (
				065BF7D2B398B1F0C9093C13010B1453 /* Common.framework in Frameworks */,
				3003F59A212D3460E4778596DE11B4CE /* Pods_Network.framework in Frameworks */,
			);
			runOnlyForDeploymentPostprocessing = 0;
		};
		80217404799C86283C1EDD12B8D734C9 /* Frameworks */ = {
			isa = PBXFrameworksBuildPhase;
			buildActionMask = 2147483647;
			files = (
				7FADC010F5824DBFBD8B1277BDF45623 /* Network.framework in Frameworks */,
				C837A55824F61C7DF443FED7A345D836 /* Pods_NetworkTests.framework in Frameworks */,
			);
			runOnlyForDeploymentPostprocessing = 0;
		};
/* End PBXFrameworksBuildPhase section */

/* Begin PBXGroup section */
		3B287DAAD199A4293F72020C2ED0ED9D = {
			isa = PBXGroup;
			children = (
				22AC74D9370643FD44D71C68B4DF80EC /* Frameworks */,
				EC1F89C4F52EBB76B4102FF55B93BD21 /* Network */,
				1AF6B0946E08FDF19AA8DF7EBA9E54DD /* NetworkTests */,
				0D98F3E405DEE33BD86736A720A92DD3 /* Pods */,
				3EF8707E4DC9EFCCF2E387087EF7F68A /* Products */,
			);
			sourceTree = "<group>";
		};
		3EF8707E4DC9EFCCF2E387087EF7F68A /* Products */ = {
			isa = PBXGroup;
			children = (
				8D4B4CDF6998DDD3F58F6645C2D6DE1B /* Network.framework */,
				C72CC4F4353DB505A9781CC1555B50E9 /* NetworkTests.xctest */,
			);
			name = Products;
			sourceTree = "<group>";
		};
		EC1F89C4F52EBB76B4102FF55B93BD21 /* Network */ = {
			isa = PBXGroup;
			children = (
				F0DEDCD8C2536697043B5501F47B4E48 /* Sources */,
				ED94F7AEE4A10B0A6AD9B03D22753927 /* Supporting Files */,
			);
			path = Network;
			sourceTree = "<group>";
		};
		ED94F7AEE4A10B0A6AD9B03D22753927 /* Supporting Files */ = {
			isa = PBXGroup;
			children = (
				8716F8BB5FA36F59487D2F97CC1D8C6E /* Info.plist */,
			);
			path = "Supporting Files";
			sourceTree = "<group>";
		};
		F0DEDCD8C2536697043B5501F47B4E48 /* Sources */ = {
			isa = PBXGroup;
			children = (
				A447BB831EB505BF6E5AB8C7B473B5FC /* Dependency */,
				ADC8331FF17BF825A2428F699AC412C4 /* Extension */,
				745453E0B83993E29AE1A1FF5F567278 /* Network */,
				6401FA03B5F4A3B3880A3D982E6A7985 /* Network.h */,
			);
			path = Sources;
			sourceTree = "<group>";
		};
		745453E0B83993E29AE1A1FF5F567278 /* Network */ = {
			isa = PBXGroup;
			children = (
				BA1AFF3F1DB0E5CF7E8FFBECE7797CFB /* PlacerAPI.swift */,
			);
			path = Network;
			sourceTree = "<group>";
		};
		1AF6B0946E08FDF19AA8DF7EBA9E54DD /* NetworkTests */ = {
			isa = PBXGroup;
			children = (
				6E0583E70F7D53A7ACB8631814B2D48B /* Sources */,
				4596853202C1710350CA773EF798C1F8 /* Supporting Files */,
			);
			path = NetworkTests;
			sourceTree = "<group>";
		};
		4596853202C1710350CA773EF798C1F8 /* Supporting Files */ = {
			isa = PBXGroup;
			children = (
				944C4F8530B0CFE69CC7BBD8F714E9A8 /* Info.plist */,
			);
			path = "Supporting Files";
			sourceTree = "<group>";
		};
		6E0583E70F7D53A7ACB8631814B2D48B /* Sources */ = {
			isa = PBXGroup;
			children = (
				9BB38742144C80B368C8C20843103F55 /* NetworkTests.swift */,
			);
			path = Sources;
			sourceTree = "<group>";
		};
		A447BB831EB505BF6E5AB8C7B473B5FC /* Dependency */ = {
			isa = PBXGroup;
			children = (
				B4B4115674E2F9E63F20CB5D114E32ED /* Dependency.swift */,
			);
			path = Dependency;
			sourceTree = "<group>";
		};
		972EB7859682F3D19728637052BF4C6B /* Rx */ = {
			isa = PBXGroup;
			children = (
				F0F18F35A7E1B23FBC1BF43E8DFDD359 /* Moya+Rx.swift */,
			);
			path = Rx;
			sourceTree = "<group>";
		};
		ADC8331FF17BF825A2428F699AC412C4 /* Extension */ = {
			isa = PBXGroup;
			children = (
				972EB7859682F3D19728637052BF4C6B /* Rx */,
			);
			path = Extension;
			sourceTree = "<group>";
		};
		0D98F3E405DEE33BD86736A720A92DD3 /* Pods */ = {
			isa = PBXGroup;
			children = (
				97F56EAFF16D8547FAD775AF80B63AC1 /* Pods-Network.debug.xcconfig */,
				0B62E8738934EB2A2A51BB097C09C860 /* Pods-Network.release.xcconfig */,
				F7B345275F5EE526873CC917690000BF /* Pods-NetworkTests.debug.xcconfig */,
				C71C37985DBB2571B5119EF84D8DEC64 /* Pods-NetworkTests.release.xcconfig */,
			);
			name = Pods;
			path = ../Pods;
			sourceTree = "<group>";
		};
		22AC74D9370643FD44D71C68B4DF80EC /* Frameworks */ = {
			isa = PBXGroup;
			children = (
				F4406A21ECFCEC170F8E542FC57D439B /* Common.framework */,
				A92111E929E792544CD49198CF15A3E2 /* Foundation.framework */,
				17793AE2CAD4FA09BC4CE38B464AF7DC /* Pods_Network.framework */,
				F4AFC37D8F37EFF7FD40E41839381D13 /* Pods_NetworkTests.framework */,
			);
			name = Frameworks;
			sourceTree = "<group>";
		};
/* End PBXGroup section */

/* Begin PBXHeadersBuildPhase section */
		35C2C53036EECE92B2AA7DBCA8A75422 /* Headers */ = {
			isa = PBXHeadersBuildPhase;
			buildActionMask = 2147483647;
			files = (
				949E0FE017C64A5034AC643E4B4FCF4C /* Network.h in Headers */,
			);
			runOnlyForDeploymentPostprocessing = 0;
		};
/* End PBXHeadersBuildPhase section */

/* Begin PBXNativeTarget section */
		C06536980953C1FA6B25438515104BAC /* Network */ = {
			isa = PBXNativeTarget;
			buildConfigurationList = 84D19A555807E409E7513D518D389ECB /* Build configuration list for PBXNativeTarget "Network" */;
			buildPhases = (
				CC1569E0333A9202CC509BB95F66FBDE /* [CP] Check Pods Manifest.lock */,
				35C2C53036EECE92B2AA7DBCA8A75422 /* Headers */,
				EB8A28D45A7E1CC22F185681AFCF324B /* Sources */,
				DD8E74888C2A1AB2503F5F517726E096 /* Frameworks */,
				793870B1E0157D69C6B73415E9C76281 /* Resources */,
			);
			buildRules = (
			);
			dependencies = (
			);
			name = Network;
			productName = Network;
			productReference = 8D4B4CDF6998DDD3F58F6645C2D6DE1B /* Network.framework */;
			productType = "com.apple.product-type.framework";
		};
		458818868F8A0A833DB17C8940AA7169 /* NetworkTests */ = {
			isa = PBXNativeTarget;
			buildConfigurationList = FADDAEF01F44524FD2A2B6061CDCC81B /* Build configuration list for PBXNativeTarget "NetworkTests" */;
			buildPhases = (
				3E1362A7DC934E49B6086BBCD3739EDB /* [CP] Check Pods Manifest.lock */,
				FA771ACB702A0A118005D14CF720BDB7 /* Sources */,
				80217404799C86283C1EDD12B8D734C9 /* Frameworks */,
				EE27EC86A9B54001410DDC5E45DA34C6 /* Resources */,
				B8EB3BC0C859EC5AD76CC282FBF79726 /* [CP] Embed Pods Frameworks */,
			);
			buildRules = (
			);
			dependencies = (
				6E9F806B146487DED7F1BB10325DF4C5 /* PBXTargetDependency */,
			);
			name = NetworkTests;
			productName = NetworkTests;
			productReference = C72CC4F4353DB505A9781CC1555B50E9 /* NetworkTests.xctest */;
			productType = "com.apple.product-type.bundle.unit-test";
		};
/* End PBXNativeTarget section */

/* Begin PBXProject section */
		A1913738E8C93B23070AF63F5BA40145 /* Project object */ = {
			isa = PBXProject;
			attributes = {
				LastSwiftUpdateCheck = 1030;
				LastUpgradeCheck = 1030;
				ORGANIZATIONNAME = kawoou;
				TargetAttributes = {
					C06536980953C1FA6B25438515104BAC = {
						CreatedOnToolsVersion = 10.3;
						LastSwiftMigration = 1030;
					};
					458818868F8A0A833DB17C8940AA7169 = {
						CreatedOnToolsVersion = 10.3;
					};
				};
			};
			buildConfigurationList = 95F8A51B163BA163EC140278399DC239 /* Build configuration list for PBXProject "Network" */;
			compatibilityVersion = "Xcode 9.3";
			developmentRegion = en;
			hasScannedForEncodings = 0;
			knownRegions = (
				en,
			);
			mainGroup = 3B287DAAD199A4293F72020C2ED0ED9D;
			productRefGroup = 3EF8707E4DC9EFCCF2E387087EF7F68A /* Products */;
			projectDirPath = "";
			projectRoot = "";
			targets = (
				C06536980953C1FA6B25438515104BAC /* Network */,
				458818868F8A0A833DB17C8940AA7169 /* NetworkTests */,
			);
		};
/* End PBXProject section */

/* Begin PBXResourcesBuildPhase section */
		793870B1E0157D69C6B73415E9C76281 /* Resources */ = {
			isa = PBXResourcesBuildPhase;
			buildActionMask = 2147483647;
			files = (
			);
			runOnlyForDeploymentPostprocessing = 0;
		};
		EE27EC86A9B54001410DDC5E45DA34C6 /* Resources */ = {
			isa = PBXResourcesBuildPhase;
			buildActionMask = 2147483647;
			files = (
			);
			runOnlyForDeploymentPostprocessing = 0;
		};
/* End PBXResourcesBuildPhase section */

/* Begin PBXShellScriptBuildPhase section */
		3E1362A7DC934E49B6086BBCD3739EDB /* [CP] Check Pods Manifest.lock */ = {
			isa = PBXShellScriptBuildPhase;
			buildActionMask = 2147483647;
			files = (
			);
			inputFileListPaths = (
			);
			inputPaths = (
				"${PODS_PODFILE_DIR_PATH}/Podfile.lock",
				"${PODS_ROOT}/Manifest.lock",
			);
			name = "[CP] Check Pods Manifest.lock";
			outputFileListPaths = (
			);
			outputPaths = (
				"$(DERIVED_FILE_DIR)/Pods-NetworkTests-checkManifestLockResult.txt",
			);
			runOnlyForDeploymentPostprocessing = 0;
			shellPath = /bin/sh;
			shellScript = "diff \"${PODS_PODFILE_DIR_PATH}/Podfile.lock\" \"${PODS_ROOT}/Manifest.lock\" > /dev/null\nif [ $? != 0 ] ; then\n    # print error to STDERR\n    echo \"error: The sandbox is not in sync with the Podfile.lock. Run 'pod install' or update your CocoaPods installation.\" >&2\n    exit 1\nfi\n# This output is used by Xcode 'outputs' to avoid re-running this script phase.\necho \"SUCCESS\" > \"${SCRIPT_OUTPUT_FILE_0}\"\n";
			showEnvVarsInLog = 0;
		};
		CC1569E0333A9202CC509BB95F66FBDE /* [CP] Check Pods Manifest.lock */ = {
			isa = PBXShellScriptBuildPhase;
			buildActionMask = 2147483647;
			files = (
			);
			inputFileListPaths = (
			);
			inputPaths = (
				"${PODS_PODFILE_DIR_PATH}/Podfile.lock",
				"${PODS_ROOT}/Manifest.lock",
			);
			name = "[CP] Check Pods Manifest.lock";
			outputFileListPaths = (
			);
			outputPaths = (
				"$(DERIVED_FILE_DIR)/Pods-Network-checkManifestLockResult.txt",
			);
			runOnlyForDeploymentPostprocessing = 0;
			shellPath = /bin/sh;
			shellScript = "diff \"${PODS_PODFILE_DIR_PATH}/Podfile.lock\" \"${PODS_ROOT}/Manifest.lock\" > /dev/null\nif [ $? != 0 ] ; then\n    # print error to STDERR\n    echo \"error: The sandbox is not in sync with the Podfile.lock. Run 'pod install' or update your CocoaPods installation.\" >&2\n    exit 1\nfi\n# This output is used by Xcode 'outputs' to avoid re-running this script phase.\necho \"SUCCESS\" > \"${SCRIPT_OUTPUT_FILE_0}\"\n";
			showEnvVarsInLog = 0;
		};
		B8EB3BC0C859EC5AD76CC282FBF79726 /* [CP] Embed Pods Frameworks */ = {
			isa = PBXShellScriptBuildPhase;
			buildActionMask = 2147483647;
			files = (
			);
			inputFileListPaths = (
				"${PODS_ROOT}/Target Support Files/Pods-NetworkTests/Pods-NetworkTests-frameworks-${CONFIGURATION}-input-files.xcfilelist",
			);
			name = "[CP] Embed Pods Frameworks";
			outputFileListPaths = (
				"${PODS_ROOT}/Target Support Files/Pods-NetworkTests/Pods-NetworkTests-frameworks-${CONFIGURATION}-output-files.xcfilelist",
			);
			runOnlyForDeploymentPostprocessing = 0;
			shellPath = /bin/sh;
			shellScript = "\"${PODS_ROOT}/Target Support Files/Pods-NetworkTests/Pods-NetworkTests-frameworks.sh\"\n";
			showEnvVarsInLog = 0;
		};
/* End PBXShellScriptBuildPhase section */

/* Begin PBXSourcesBuildPhase section */
		EB8A28D45A7E1CC22F185681AFCF324B /* Sources */ = {
			isa = PBXSourcesBuildPhase;
			buildActionMask = 2147483647;
			files = (
				10D6C95EF7D919DCA5D3FC90C793C2BE /* Dependency.swift in Sources */,
				98074F37B3157CF871442B02BD3A1304 /* Moya+Rx.swift in Sources */,
				059097924A1522E133F23E71C6B9DFEF /* PlacerAPI.swift in Sources */,
			);
			runOnlyForDeploymentPostprocessing = 0;
		};
		FA771ACB702A0A118005D14CF720BDB7 /* Sources */ = {
			isa = PBXSourcesBuildPhase;
			buildActionMask = 2147483647;
			files = (
				A15D17301852E8CB027470AACCBA820A /* NetworkTests.swift in Sources */,
			);
			runOnlyForDeploymentPostprocessing = 0;
		};
/* End PBXSourcesBuildPhase section */

/* Begin PBXTargetDependency section */
		6E9F806B146487DED7F1BB10325DF4C5 /* PBXTargetDependency */ = {
			isa = PBXTargetDependency;
			target = C06536980953C1FA6B25438515104BAC /* Network */;
			targetProxy = 89E010F555D78293AE824672D6F40944 /* PBXContainerItemProxy */;
		};
/* End PBXTargetDependency section */

/* Begin XCBuildConfiguration section */
		74C31A6DEA68F7B95D1B231D57A4C64E /* Debug */ = {
			isa = XCBuildConfiguration;
			buildSettings = {
				ALWAYS_SEARCH_USER_PATHS = NO;
				CLANG_ANALYZER_NONNULL = YES;
				CLANG_ANALYZER_NUMBER_OBJECT_CONVERSION = YES_AGGRESSIVE;
				CLANG_CXX_LANGUAGE_STANDARD = "gnu++14";
				CLANG_CXX_LIBRARY = "libc++";
				CLANG_ENABLE_MODULES = YES;
				CLANG_ENABLE_OBJC_ARC = YES;
				CLANG_ENABLE_OBJC_WEAK = YES;
				CLANG_WARN_BLOCK_CAPTURE_AUTORELEASING = YES;
				CLANG_WARN_BOOL_CONVERSION = YES;
				CLANG_WARN_COMMA = YES;
				CLANG_WARN_CONSTANT_CONVERSION = YES;
				CLANG_WARN_DEPRECATED_OBJC_IMPLEMENTATIONS = YES;
				CLANG_WARN_DIRECT_OBJC_ISA_USAGE = YES_ERROR;
				CLANG_WARN_DOCUMENTATION_COMMENTS = YES;
				CLANG_WARN_EMPTY_BODY = YES;
				CLANG_WARN_ENUM_CONVERSION = YES;
				CLANG_WARN_INFINITE_RECURSION = YES;
				CLANG_WARN_INT_CONVERSION = YES;
				CLANG_WARN_NON_LITERAL_NULL_CONVERSION = YES;
				CLANG_WARN_OBJC_IMPLICIT_RETAIN_SELF = YES;
				CLANG_WARN_OBJC_LITERAL_CONVERSION = YES;
				CLANG_WARN_OBJC_ROOT_CLASS = YES_ERROR;
				CLANG_WARN_RANGE_LOOP_ANALYSIS = YES;
				CLANG_WARN_STRICT_PROTOTYPES = YES;
				CLANG_WARN_SUSPICIOUS_MOVE = YES;
				CLANG_WARN_UNGUARDED_AVAILABILITY = YES_AGGRESSIVE;
				CLANG_WARN_UNREACHABLE_CODE = YES;
				CLANG_WARN__DUPLICATE_METHOD_MATCH = YES;
				CODE_SIGN_IDENTITY = "iPhone Developer";
				COPY_PHASE_STRIP = NO;
				CURRENT_PROJECT_VERSION = 1;
				DEBUG_INFORMATION_FORMAT = dwarf;
				ENABLE_STRICT_OBJC_MSGSEND = YES;
				ENABLE_TESTABILITY = YES;
				GCC_C_LANGUAGE_STANDARD = gnu11;
				GCC_DYNAMIC_NO_PIC = NO;
				GCC_NO_COMMON_BLOCKS = YES;
				GCC_OPTIMIZATION_LEVEL = 0;
				GCC_PREPROCESSOR_DEFINITIONS = (
					"DEBUG=1",
					"$(inherited)",
				);
				GCC_WARN_64_TO_32_BIT_CONVERSION = YES;
				GCC_WARN_ABOUT_RETURN_TYPE = YES_ERROR;
				GCC_WARN_UNDECLARED_SELECTOR = YES;
				GCC_WARN_UNINITIALIZED_AUTOS = YES_AGGRESSIVE;
				GCC_WARN_UNUSED_FUNCTION = YES;
				GCC_WARN_UNUSED_VARIABLE = YES;
				IPHONEOS_DEPLOYMENT_TARGET = 10.0;
				MTL_ENABLE_DEBUG_INFO = INCLUDE_SOURCE;
				MTL_FAST_MATH = YES;
				ONLY_ACTIVE_ARCH = YES;
				SDKROOT = iphoneos;
				SWIFT_ACTIVE_COMPILATION_CONDITIONS = DEBUG;
				SWIFT_OPTIMIZATION_LEVEL = "-Onone";
				VERSIONING_SYSTEM = "apple-generic";
				VERSION_INFO_PREFIX = "";
			};
			name = Debug;
		};
		85270292BE373C2D232FB3450CAFEA71 /* Release */ = {
			isa = XCBuildConfiguration;
			buildSettings = {
				ALWAYS_SEARCH_USER_PATHS = NO;
				CLANG_ANALYZER_NONNULL = YES;
				CLANG_ANALYZER_NUMBER_OBJECT_CONVERSION = YES_AGGRESSIVE;
				CLANG_CXX_LANGUAGE_STANDARD = "gnu++14";
				CLANG_CXX_LIBRARY = "libc++";
				CLANG_ENABLE_MODULES = YES;
				CLANG_ENABLE_OBJC_ARC = YES;
				CLANG_ENABLE_OBJC_WEAK = YES;
				CLANG_WARN_BLOCK_CAPTURE_AUTORELEASING = YES;
				CLANG_WARN_BOOL_CONVERSION = YES;
				CLANG_WARN_COMMA = YES;
				CLANG_WARN_CONSTANT_CONVERSION = YES;
				CLANG_WARN_DEPRECATED_OBJC_IMPLEMENTATIONS = YES;
				CLANG_WARN_DIRECT_OBJC_ISA_USAGE = YES_ERROR;
				CLANG_WARN_DOCUMENTATION_COMMENTS = YES;
				CLANG_WARN_EMPTY_BODY = YES;
				CLANG_WARN_ENUM_CONVERSION = YES;
				CLANG_WARN_INFINITE_RECURSION = YES;
				CLANG_WARN_INT_CONVERSION = YES;
				CLANG_WARN_NON_LITERAL_NULL_CONVERSION = YES;
				CLANG_WARN_OBJC_IMPLICIT_RETAIN_SELF = YES;
				CLANG_WARN_OBJC_LITERAL_CONVERSION = YES;
				CLANG_WARN_OBJC_ROOT_CLASS = YES_ERROR;
				CLANG_WARN_RANGE_LOOP_ANALYSIS = YES;
				CLANG_WARN_STRICT_PROTOTYPES = YES;
				CLANG_WARN_SUSPICIOUS_MOVE = YES;
				CLANG_WARN_UNGUARDED_AVAILABILITY = YES_AGGRESSIVE;
				CLANG_WARN_UNREACHABLE_CODE = YES;
				CLANG_WARN__DUPLICATE_METHOD_MATCH = YES;
				CODE_SIGN_IDENTITY = "iPhone Developer";
				COPY_PHASE_STRIP = NO;
				CURRENT_PROJECT_VERSION = 1;
				DEBUG_INFORMATION_FORMAT = "dwarf-with-dsym";
				ENABLE_NS_ASSERTIONS = NO;
				ENABLE_STRICT_OBJC_MSGSEND = YES;
				GCC_C_LANGUAGE_STANDARD = gnu11;
				GCC_NO_COMMON_BLOCKS = YES;
				GCC_WARN_64_TO_32_BIT_CONVERSION = YES;
				GCC_WARN_ABOUT_RETURN_TYPE = YES_ERROR;
				GCC_WARN_UNDECLARED_SELECTOR = YES;
				GCC_WARN_UNINITIALIZED_AUTOS = YES_AGGRESSIVE;
				GCC_WARN_UNUSED_FUNCTION = YES;
				GCC_WARN_UNUSED_VARIABLE = YES;
				IPHONEOS_DEPLOYMENT_TARGET = 10.0;
				MTL_ENABLE_DEBUG_INFO = NO;
				MTL_FAST_MATH = YES;
				SDKROOT = iphoneos;
				SWIFT_COMPILATION_MODE = wholemodule;
				SWIFT_OPTIMIZATION_LEVEL = "-O";
				VALIDATE_PRODUCT = YES;
				VERSIONING_SYSTEM = "apple-generic";
				VERSION_INFO_PREFIX = "";
			};
			name = Release;
		};
		944ABEF817A4718840ADAE680378E353 /* Debug */ = {
			isa = XCBuildConfiguration;
			baseConfigurationReference = 97F56EAFF16D8547FAD775AF80B63AC1 /* Pods-Network.debug.xcconfig */;
			buildSettings = {
				CLANG_ENABLE_MODULES = YES;
				CODE_SIGN_IDENTITY = "";
				CODE_SIGN_STYLE = Automatic;
				DEFINES_MODULE = YES;
				DEVELOPMENT_TEAM = 4U2J29Y5X8;
				DYLIB_COMPATIBILITY_VERSION = 1;
				DYLIB_CURRENT_VERSION = 1;
				DYLIB_INSTALL_NAME_BASE = "@rpath";
				INFOPLIST_FILE = "$(SRCROOT)/Network/Supporting Files/Info.plist";
				INSTALL_PATH = "$(LOCAL_LIBRARY_DIR)/Frameworks";
				IPHONEOS_DEPLOYMENT_TARGET = 10.0;
				LD_RUNPATH_SEARCH_PATHS = (
					"$(inherited)",
					"@executable_path/Frameworks",
					"@loader_path/Frameworks",
				);
				PRODUCT_BUNDLE_IDENTIFIER = io.kawoou.placer.network;
				PRODUCT_NAME = "$(TARGET_NAME:c99extidentifier)";
				SKIP_INSTALL = YES;
				SWIFT_OPTIMIZATION_LEVEL = "-Onone";
				SWIFT_VERSION = 5.0;
				TARGETED_DEVICE_FAMILY = "1,2";
			};
			name = Debug;
		};
		6D579FFE92B9B962FAB8CCBC44510009 /* Release */ = {
			isa = XCBuildConfiguration;
			baseConfigurationReference = 0B62E8738934EB2A2A51BB097C09C860 /* Pods-Network.release.xcconfig */;
			buildSettings = {
				CLANG_ENABLE_MODULES = YES;
				CODE_SIGN_IDENTITY = "";
				CODE_SIGN_STYLE = Automatic;
				DEFINES_MODULE = YES;
				DEVELOPMENT_TEAM = 4U2J29Y5X8;
				DYLIB_COMPATIBILITY_VERSION = 1;
				DYLIB_CURRENT_VERSION = 1;
				DYLIB_INSTALL_NAME_BASE = "@rpath";
				INFOPLIST_FILE = "$(SRCROOT)/Network/Supporting Files/Info.plist";
				INSTALL_PATH = "$(LOCAL_LIBRARY_DIR)/Frameworks";
				IPHONEOS_DEPLOYMENT_TARGET = 10.0;
				LD_RUNPATH_SEARCH_PATHS = (
					"$(inherited)",
					"@executable_path/Frameworks",
					"@loader_path/Frameworks",
				);
				PRODUCT_BUNDLE_IDENTIFIER = io.kawoou.placer.network;
				PRODUCT_NAME = "$(TARGET_NAME:c99extidentifier)";
				SKIP_INSTALL = YES;
				SWIFT_VERSION = 5.0;
				TARGETED_DEVICE_FAMILY = "1,2";
			};
			name = Release;
		};
		7A027521E115776C8F2971E19C9D19D7 /* Debug */ = {
			isa = XCBuildConfiguration;
			baseConfigurationReference = F7B345275F5EE526873CC917690000BF /* Pods-NetworkTests.debug.xcconfig */;
			buildSettings = {
				ALWAYS_EMBED_SWIFT_STANDARD_LIBRARIES = YES;
				CODE_SIGN_STYLE = Automatic;
				DEVELOPMENT_TEAM = 4U2J29Y5X8;
				INFOPLIST_FILE = "$(SRCROOT)/NetworkTests/Supporting Files/Info.plist";
				LD_RUNPATH_SEARCH_PATHS = (
					"$(inherited)",
					"@executable_path/Frameworks",
					"@loader_path/Frameworks",
				);
				PRODUCT_BUNDLE_IDENTIFIER = io.kawoou.placer.NetworkTests;
				PRODUCT_NAME = "$(TARGET_NAME)";
				SWIFT_VERSION = 5.0;
				TARGETED_DEVICE_FAMILY = "1,2";
			};
			name = Debug;
		};
		E48AFA81C8FC8BC9698F4BBA88FCBA26 /* Release */ = {
			isa = XCBuildConfiguration;
			baseConfigurationReference = C71C37985DBB2571B5119EF84D8DEC64 /* Pods-NetworkTests.release.xcconfig */;
			buildSettings = {
				ALWAYS_EMBED_SWIFT_STANDARD_LIBRARIES = YES;
				CODE_SIGN_STYLE = Automatic;
				DEVELOPMENT_TEAM = 4U2J29Y5X8;
				INFOPLIST_FILE = "$(SRCROOT)/NetworkTests/Supporting Files/Info.plist";
				LD_RUNPATH_SEARCH_PATHS = (
					"$(inherited)",
					"@executable_path/Frameworks",
					"@loader_path/Frameworks",
				);
				PRODUCT_BUNDLE_IDENTIFIER = io.kawoou.placer.NetworkTests;
				PRODUCT_NAME = "$(TARGET_NAME)";
				SWIFT_VERSION = 5.0;
				TARGETED_DEVICE_FAMILY = "1,2";
			};
			name = Release;
		};
/* End XCBuildConfiguration section */

/* Begin XCConfigurationList section */
		95F8A51B163BA163EC140278399DC239 /* Build configuration list for PBXProject "Network" */ = {
			isa = XCConfigurationList;
			buildConfigurations = (
				74C31A6DEA68F7B95D1B231D57A4C64E /* Debug */,
				85270292BE373C2D232FB3450CAFEA71 /* Release */,
			);
			defaultConfigurationIsVisible = 0;
			defaultConfigurationName = Release;
		};
		84D19A555807E409E7513D518D389ECB /* Build configuration list for PBXNativeTarget "Network" */ = {
			isa = XCConfigurationList;
			buildConfigurations = (
				944ABEF817A4718840ADAE680378E353 /* Debug */,
				6D579FFE92B9B962FAB8CCBC44510009 /* Release */,
			);
			defaultConfigurationIsVisible = 0;
			defaultConfigurationName = Release;
		};
		FADDAEF01F44524FD2A2B6061CDCC81B /* Build configuration list for PBXNativeTarget "NetworkTests" */ = {
			isa = XCConfigurationList;
			buildConfigurations = (
				7A027521E115776C8F2971E19C9D19D7 /* Debug */,
				E48AFA81C8FC8BC9698F4BBA88FCBA26 /* Release */,
			);
			defaultConfigurationIsVisible = 0;
			defaultConfigurationName = Release;
		};
/* End XCConfigurationList section */
	};
	rootObject = A1913738E8C93B23070AF63F5BA40145 /* Project object */;
}
