// !$*UTF8*$!
{
	archiveVersion = 1;
	classes = {
	};
	objectVersion = 51;
	objects = {

/* Begin PBXBuildFile section */
		002F58C05C65CB061BEC4B089810083B /* Pods_ServiceTests.framework in Frameworks */ = {isa = PBXBuildFile; fileRef = B7D1F4DE1BF73EF818C1A63AA576F9C7 /* Pods_ServiceTests.framework */; };
		11AB0E62FBA2B2A72D10ADD11E72C5FD /* UserServiceImpl.swift in Sources */ = {isa = PBXBuildFile; fileRef = F45A735E62F75E7601415A62529D6E23 /* UserServiceImpl.swift */; };
		22B2B1882CBDD00DC605946B8D6D8357 /* ServiceTests.swift in Sources */ = {isa = PBXBuildFile; fileRef = B4D9363BB99FD42D48923D4FA18C7285 /* ServiceTests.swift */; };
		540C421A23CFF985D661EF35801FE6AA /* Service.framework in Frameworks */ = {isa = PBXBuildFile; fileRef = 0FC65A89A323D8CD1BD0B23D0E37F428 /* Service.framework */; };
		6415F41D8FF1873817FD21E2238E9183 /* Dependency.swift in Sources */ = {isa = PBXBuildFile; fileRef = D9023C815450BE832149A58FA6E1BCD5 /* Dependency.swift */; };
		709D72C3DE6F31E24748B776F3199AB7 /* Domain.framework in Frameworks */ = {isa = PBXBuildFile; fileRef = 4471C698793C1FA70B11A273990EBE24 /* Domain.framework */; };
		802781083A97A24806F47DFFB82D0104 /* UserState.swift in Sources */ = {isa = PBXBuildFile; fileRef = 85396B4B57E6B342186F0C012CEED71A /* UserState.swift */; };
		857C620D89DACF24A6F29EEAC393129F /* Common.framework in Frameworks */ = {isa = PBXBuildFile; fileRef = CC19A98BA6CB249F39D3DEC2D21C58C3 /* Common.framework */; };
		9DEAC16D234A2C35009414F9 /* LocationService.swift in Sources */ = {isa = PBXBuildFile; fileRef = 9DEAC16C234A2C35009414F9 /* LocationService.swift */; };
		9DEAC170234A2C5A009414F9 /* Location.swift in Sources */ = {isa = PBXBuildFile; fileRef = 9DEAC16F234A2C5A009414F9 /* Location.swift */; };
		9DEAC174234A2C7C009414F9 /* LocationServiceImpl.swift in Sources */ = {isa = PBXBuildFile; fileRef = 9DEAC173234A2C7C009414F9 /* LocationServiceImpl.swift */; };
		9DEAC18C234B0458009414F9 /* PlaceService.swift in Sources */ = {isa = PBXBuildFile; fileRef = 9DEAC18B234B0458009414F9 /* PlaceService.swift */; };
		9DEAC195234B6DA6009414F9 /* SamplePlacerServiceImpl.swift in Sources */ = {isa = PBXBuildFile; fileRef = 9DEAC194234B6DA6009414F9 /* SamplePlacerServiceImpl.swift */; };
		D677E9CFF7C7C73064150219FBD7E750 /* Pods_Service.framework in Frameworks */ = {isa = PBXBuildFile; fileRef = 16B95AE51EC6EF364D28298E6906C262 /* Pods_Service.framework */; };
		ECD0DFE89EDE63C2BE02DEF09BB2FC17 /* UserService.swift in Sources */ = {isa = PBXBuildFile; fileRef = 120C97D51537ADCA6DD5F3383FE8FBF1 /* UserService.swift */; };
		EE0AD836E145970D93414A431FF4B748 /* Service.h in Headers */ = {isa = PBXBuildFile; fileRef = B7CF9D7D3798255A5029786A10FC92CE /* Service.h */; settings = {ATTRIBUTES = (Public, ); }; };
/* End PBXBuildFile section */

/* Begin PBXContainerItemProxy section */
		8D80EA16BB53E180767D0C40DAE18015 /* PBXContainerItemProxy */ = {
			isa = PBXContainerItemProxy;
			containerPortal = 1E8A2D783808C546A25B7F56B0458E27 /* Project object */;
			proxyType = 1;
			remoteGlobalIDString = 77736B9F9242F7ADA1134583D14E692F;
			remoteInfo = Service;
		};
/* End PBXContainerItemProxy section */

/* Begin PBXFileReference section */
		0CDED40FAD64FAAA96511A85CE097BDA /* Pods-Service.debug.xcconfig */ = {isa = PBXFileReference; includeInIndex = 1; lastKnownFileType = text.xcconfig; name = "Pods-Service.debug.xcconfig"; path = "Target Support Files/Pods-Service/Pods-Service.debug.xcconfig"; sourceTree = "<group>"; };
		0FC65A89A323D8CD1BD0B23D0E37F428 /* Service.framework */ = {isa = PBXFileReference; explicitFileType = wrapper.framework; includeInIndex = 0; path = Service.framework; sourceTree = BUILT_PRODUCTS_DIR; };
		120C97D51537ADCA6DD5F3383FE8FBF1 /* UserService.swift */ = {isa = PBXFileReference; lastKnownFileType = sourcecode.swift; path = UserService.swift; sourceTree = "<group>"; };
		16B95AE51EC6EF364D28298E6906C262 /* Pods_Service.framework */ = {isa = PBXFileReference; explicitFileType = wrapper.framework; includeInIndex = 0; path = Pods_Service.framework; sourceTree = BUILT_PRODUCTS_DIR; };
		23E5ED3318FB937C7370E3346051E9A8 /* Pods-ServiceTests.release.xcconfig */ = {isa = PBXFileReference; includeInIndex = 1; lastKnownFileType = text.xcconfig; name = "Pods-ServiceTests.release.xcconfig"; path = "Target Support Files/Pods-ServiceTests/Pods-ServiceTests.release.xcconfig"; sourceTree = "<group>"; };
		3E23E1082F4D6E2E989C6939ECB55D0B /* Info.plist */ = {isa = PBXFileReference; fileEncoding = 4; lastKnownFileType = text.plist.xml; path = Info.plist; sourceTree = "<group>"; };
		4471C698793C1FA70B11A273990EBE24 /* Domain.framework */ = {isa = PBXFileReference; explicitFileType = wrapper.framework; path = Domain.framework; sourceTree = BUILT_PRODUCTS_DIR; };
		571A5333B6DDC188B490AD2E05EBD4C9 /* Info.plist */ = {isa = PBXFileReference; fileEncoding = 4; lastKnownFileType = text.plist.xml; path = Info.plist; sourceTree = "<group>"; };
		85396B4B57E6B342186F0C012CEED71A /* UserState.swift */ = {isa = PBXFileReference; lastKnownFileType = sourcecode.swift; path = UserState.swift; sourceTree = "<group>"; };
		91D56D6BB14D642DE82CF76E7A7C1140 /* Pods-ServiceTests.debug.xcconfig */ = {isa = PBXFileReference; includeInIndex = 1; lastKnownFileType = text.xcconfig; name = "Pods-ServiceTests.debug.xcconfig"; path = "Target Support Files/Pods-ServiceTests/Pods-ServiceTests.debug.xcconfig"; sourceTree = "<group>"; };
		9DEAC16C234A2C35009414F9 /* LocationService.swift */ = {isa = PBXFileReference; lastKnownFileType = sourcecode.swift; path = LocationService.swift; sourceTree = "<group>"; };
		9DEAC16F234A2C5A009414F9 /* Location.swift */ = {isa = PBXFileReference; lastKnownFileType = sourcecode.swift; path = Location.swift; sourceTree = "<group>"; };
		9DEAC173234A2C7C009414F9 /* LocationServiceImpl.swift */ = {isa = PBXFileReference; lastKnownFileType = sourcecode.swift; path = LocationServiceImpl.swift; sourceTree = "<group>"; };
		9DEAC18B234B0458009414F9 /* PlaceService.swift */ = {isa = PBXFileReference; lastKnownFileType = sourcecode.swift; path = PlaceService.swift; sourceTree = "<group>"; };
		9DEAC194234B6DA6009414F9 /* SamplePlacerServiceImpl.swift */ = {isa = PBXFileReference; lastKnownFileType = sourcecode.swift; path = SamplePlacerServiceImpl.swift; sourceTree = "<group>"; };
		B4D9363BB99FD42D48923D4FA18C7285 /* ServiceTests.swift */ = {isa = PBXFileReference; fileEncoding = 4; lastKnownFileType = sourcecode.swift; path = ServiceTests.swift; sourceTree = "<group>"; };
		B7CF9D7D3798255A5029786A10FC92CE /* Service.h */ = {isa = PBXFileReference; fileEncoding = 4; lastKnownFileType = sourcecode.c.h; path = Service.h; sourceTree = "<group>"; };
		B7D1F4DE1BF73EF818C1A63AA576F9C7 /* Pods_ServiceTests.framework */ = {isa = PBXFileReference; explicitFileType = wrapper.framework; includeInIndex = 0; path = Pods_ServiceTests.framework; sourceTree = BUILT_PRODUCTS_DIR; };
		C01160D5B7299DFBE329D09685F6A9F1 /* ServiceTests.xctest */ = {isa = PBXFileReference; explicitFileType = wrapper.cfbundle; includeInIndex = 0; path = ServiceTests.xctest; sourceTree = BUILT_PRODUCTS_DIR; };
		CC19A98BA6CB249F39D3DEC2D21C58C3 /* Common.framework */ = {isa = PBXFileReference; explicitFileType = wrapper.framework; path = Common.framework; sourceTree = BUILT_PRODUCTS_DIR; };
		D9023C815450BE832149A58FA6E1BCD5 /* Dependency.swift */ = {isa = PBXFileReference; lastKnownFileType = sourcecode.swift; path = Dependency.swift; sourceTree = "<group>"; };
		DB41A3E4AB0D5B4AF0DD1F91C558E542 /* Pods-Service.release.xcconfig */ = {isa = PBXFileReference; includeInIndex = 1; lastKnownFileType = text.xcconfig; name = "Pods-Service.release.xcconfig"; path = "Target Support Files/Pods-Service/Pods-Service.release.xcconfig"; sourceTree = "<group>"; };
		F45A735E62F75E7601415A62529D6E23 /* UserServiceImpl.swift */ = {isa = PBXFileReference; lastKnownFileType = sourcecode.swift; path = UserServiceImpl.swift; sourceTree = "<group>"; };
		FFA6C9A32993928E02B4C8335C894ACF /* Network.framework */ = {isa = PBXFileReference; explicitFileType = wrapper.framework; path = Network.framework; sourceTree = BUILT_PRODUCTS_DIR; };
/* End PBXFileReference section */

/* Begin PBXFrameworksBuildPhase section */
		B156E97A1E9730A4361E7EC6D1C30782 /* Frameworks */ = {
			isa = PBXFrameworksBuildPhase;
			buildActionMask = 2147483647;
			files = (
				002F58C05C65CB061BEC4B089810083B /* Pods_ServiceTests.framework in Frameworks */,
				540C421A23CFF985D661EF35801FE6AA /* Service.framework in Frameworks */,
			);
			runOnlyForDeploymentPostprocessing = 0;
		};
		EA8ABBE930144F185DDAC5B8925B2A48 /* Frameworks */ = {
			isa = PBXFrameworksBuildPhase;
			buildActionMask = 2147483647;
			files = (
				857C620D89DACF24A6F29EEAC393129F /* Common.framework in Frameworks */,
				709D72C3DE6F31E24748B776F3199AB7 /* Domain.framework in Frameworks */,
				D677E9CFF7C7C73064150219FBD7E750 /* Pods_Service.framework in Frameworks */,
			);
			runOnlyForDeploymentPostprocessing = 0;
		};
/* End PBXFrameworksBuildPhase section */

/* Begin PBXGroup section */
		152CFB29FBFEEB93471611743DDF36A6 /* Products */ = {
			isa = PBXGroup;
			children = (
				0FC65A89A323D8CD1BD0B23D0E37F428 /* Service.framework */,
				C01160D5B7299DFBE329D09685F6A9F1 /* ServiceTests.xctest */,
			);
			name = Products;
			sourceTree = "<group>";
		};
		17E6FDF22487181528C23A3415AA5D51 /* Service */ = {
			isa = PBXGroup;
			children = (
				D5FE7CCEC8CF31DC8CA12F59144D07B3 /* Sources */,
				996FD70214A2CF91FDFD18B44B3A88C4 /* Supporting Files */,
			);
			path = Service;
			sourceTree = "<group>";
		};
		310EBA25B14E4B05D697D037140F295F /* Dependency */ = {
			isa = PBXGroup;
			children = (
				D9023C815450BE832149A58FA6E1BCD5 /* Dependency.swift */,
			);
			path = Dependency;
			sourceTree = "<group>";
		};
		4CB51F5772CC51A2A068F3DC7B9308F9 /* Impl */ = {
			isa = PBXGroup;
			children = (
				F45A735E62F75E7601415A62529D6E23 /* UserServiceImpl.swift */,
			);
			path = Impl;
			sourceTree = "<group>";
		};
		6FDC016D415C949412623EF0E393AAFC /* Pods */ = {
			isa = PBXGroup;
			children = (
				0CDED40FAD64FAAA96511A85CE097BDA /* Pods-Service.debug.xcconfig */,
				DB41A3E4AB0D5B4AF0DD1F91C558E542 /* Pods-Service.release.xcconfig */,
				91D56D6BB14D642DE82CF76E7A7C1140 /* Pods-ServiceTests.debug.xcconfig */,
				23E5ED3318FB937C7370E3346051E9A8 /* Pods-ServiceTests.release.xcconfig */,
			);
			name = Pods;
			path = ../Pods;
			sourceTree = "<group>";
		};
		7172FC589C3DC6E97DD9AFFFB0A276E7 /* ServiceTests */ = {
			isa = PBXGroup;
			children = (
				7D2ECD55C53C4388F1404310D73F4808 /* Sources */,
				F35CFDAA423A8477AFC86F15ABFE8E2E /* Supporting Files */,
			);
			path = ServiceTests;
			sourceTree = "<group>";
		};
		76229C502E030A91112D48BD3187A983 /* Type */ = {
			isa = PBXGroup;
			children = (
				85396B4B57E6B342186F0C012CEED71A /* UserState.swift */,
			);
			path = Type;
			sourceTree = "<group>";
		};
		7D2ECD55C53C4388F1404310D73F4808 /* Sources */ = {
			isa = PBXGroup;
			children = (
				B4D9363BB99FD42D48923D4FA18C7285 /* ServiceTests.swift */,
			);
			path = Sources;
			sourceTree = "<group>";
		};
		7F87B5E1EC1063F2DB5291DB231B4DB7 /* Frameworks */ = {
			isa = PBXGroup;
			children = (
				CC19A98BA6CB249F39D3DEC2D21C58C3 /* Common.framework */,
				4471C698793C1FA70B11A273990EBE24 /* Domain.framework */,
				FFA6C9A32993928E02B4C8335C894ACF /* Network.framework */,
				16B95AE51EC6EF364D28298E6906C262 /* Pods_Service.framework */,
				B7D1F4DE1BF73EF818C1A63AA576F9C7 /* Pods_ServiceTests.framework */,
			);
			name = Frameworks;
			sourceTree = "<group>";
		};
		947A35060CBCA9B5F67EAA1DDC117204 = {
			isa = PBXGroup;
			children = (
				7F87B5E1EC1063F2DB5291DB231B4DB7 /* Frameworks */,
				6FDC016D415C949412623EF0E393AAFC /* Pods */,
				152CFB29FBFEEB93471611743DDF36A6 /* Products */,
				17E6FDF22487181528C23A3415AA5D51 /* Service */,
				7172FC589C3DC6E97DD9AFFFB0A276E7 /* ServiceTests */,
			);
			sourceTree = "<group>";
		};
		996FD70214A2CF91FDFD18B44B3A88C4 /* Supporting Files */ = {
			isa = PBXGroup;
			children = (
				571A5333B6DDC188B490AD2E05EBD4C9 /* Info.plist */,
			);
			path = "Supporting Files";
			sourceTree = "<group>";
		};
		9DEAC16B234A2C2B009414F9 /* Location */ = {
			isa = PBXGroup;
			children = (
				9DEAC171234A2C73009414F9 /* Impl */,
				9DEAC16E234A2C53009414F9 /* Model */,
				9DEAC16C234A2C35009414F9 /* LocationService.swift */,
			);
			path = Location;
			sourceTree = "<group>";
		};
		9DEAC16E234A2C53009414F9 /* Model */ = {
			isa = PBXGroup;
			children = (
				9DEAC16F234A2C5A009414F9 /* Location.swift */,
			);
			path = Model;
			sourceTree = "<group>";
		};
		9DEAC171234A2C73009414F9 /* Impl */ = {
			isa = PBXGroup;
			children = (
				9DEAC173234A2C7C009414F9 /* LocationServiceImpl.swift */,
			);
			path = Impl;
			sourceTree = "<group>";
		};
		9DEAC18A234B044E009414F9 /* Place */ = {
			isa = PBXGroup;
			children = (
				9DEAC193234B6D9D009414F9 /* Impl */,
				9DEAC18B234B0458009414F9 /* PlaceService.swift */,
			);
			path = Place;
			sourceTree = "<group>";
		};
		9DEAC193234B6D9D009414F9 /* Impl */ = {
			isa = PBXGroup;
			children = (
				9DEAC194234B6DA6009414F9 /* SamplePlacerServiceImpl.swift */,
			);
			path = Impl;
			sourceTree = "<group>";
		};
		BE8FDF32A56185B553E8717EBA073DF1 /* User */ = {
			isa = PBXGroup;
			children = (
				4CB51F5772CC51A2A068F3DC7B9308F9 /* Impl */,
				76229C502E030A91112D48BD3187A983 /* Type */,
				120C97D51537ADCA6DD5F3383FE8FBF1 /* UserService.swift */,
			);
			path = User;
			sourceTree = "<group>";
		};
		D18CEA3E6DB09055386B47339E1DD76A /* Service */ = {
			isa = PBXGroup;
			children = (
				9DEAC18A234B044E009414F9 /* Place */,
				9DEAC16B234A2C2B009414F9 /* Location */,
				BE8FDF32A56185B553E8717EBA073DF1 /* User */,
			);
			path = Service;
			sourceTree = "<group>";
		};
		D5FE7CCEC8CF31DC8CA12F59144D07B3 /* Sources */ = {
			isa = PBXGroup;
			children = (
				310EBA25B14E4B05D697D037140F295F /* Dependency */,
				D18CEA3E6DB09055386B47339E1DD76A /* Service */,
				B7CF9D7D3798255A5029786A10FC92CE /* Service.h */,
			);
			path = Sources;
			sourceTree = "<group>";
		};
		F35CFDAA423A8477AFC86F15ABFE8E2E /* Supporting Files */ = {
			isa = PBXGroup;
			children = (
				3E23E1082F4D6E2E989C6939ECB55D0B /* Info.plist */,
			);
			path = "Supporting Files";
			sourceTree = "<group>";
		};
/* End PBXGroup section */

/* Begin PBXHeadersBuildPhase section */
		9E13D7A284F7B898A7C0027ECB9B3D1D /* Headers */ = {
			isa = PBXHeadersBuildPhase;
			buildActionMask = 2147483647;
			files = (
				EE0AD836E145970D93414A431FF4B748 /* Service.h in Headers */,
			);
			runOnlyForDeploymentPostprocessing = 0;
		};
/* End PBXHeadersBuildPhase section */

/* Begin PBXNativeTarget section */
		77736B9F9242F7ADA1134583D14E692F /* Service */ = {
			isa = PBXNativeTarget;
			buildConfigurationList = 2C58759336337D992D0C9E37010FD0EA /* Build configuration list for PBXNativeTarget "Service" */;
			buildPhases = (
				AC6EE2D480AFDCB8B51ACAB2C29C4367 /* [CP] Check Pods Manifest.lock */,
				9E13D7A284F7B898A7C0027ECB9B3D1D /* Headers */,
				9665E4EED1A8EFB296E220FA37C981B0 /* Sources */,
				EA8ABBE930144F185DDAC5B8925B2A48 /* Frameworks */,
				A56072E5FA005D7B2363624030C9E3AD /* Resources */,
			);
			buildRules = (
			);
			dependencies = (
			);
			name = Service;
			productName = Service;
			productReference = 0FC65A89A323D8CD1BD0B23D0E37F428 /* Service.framework */;
			productType = "com.apple.product-type.framework";
		};
		C311A992DEAD0CC116A3EA42A745D13E /* ServiceTests */ = {
			isa = PBXNativeTarget;
			buildConfigurationList = 65059C16A9FB3160A7F2F2A9C2A75BDB /* Build configuration list for PBXNativeTarget "ServiceTests" */;
			buildPhases = (
				083767607DE030A853AC74D7295A2539 /* [CP] Check Pods Manifest.lock */,
				01A79C1C2F7B2FDD970D8829AEDA0556 /* Sources */,
				B156E97A1E9730A4361E7EC6D1C30782 /* Frameworks */,
				DC9464A23DFF8BE2C07E8EC7A1F8CD57 /* Resources */,
				57C891E82D09F795AD511BDB1EC8E826 /* [CP] Embed Pods Frameworks */,
			);
			buildRules = (
			);
			dependencies = (
				60BDD8BBE677ED47ED359F1800DB7B82 /* PBXTargetDependency */,
			);
			name = ServiceTests;
			productName = ServiceTests;
			productReference = C01160D5B7299DFBE329D09685F6A9F1 /* ServiceTests.xctest */;
			productType = "com.apple.product-type.bundle.unit-test";
		};
/* End PBXNativeTarget section */

/* Begin PBXProject section */
		1E8A2D783808C546A25B7F56B0458E27 /* Project object */ = {
			isa = PBXProject;
			attributes = {
				LastSwiftUpdateCheck = 1030;
				LastUpgradeCheck = 1030;
				ORGANIZATIONNAME = kawoou;
				TargetAttributes = {
					77736B9F9242F7ADA1134583D14E692F = {
						CreatedOnToolsVersion = 10.3;
						LastSwiftMigration = 1100;
					};
					C311A992DEAD0CC116A3EA42A745D13E = {
						CreatedOnToolsVersion = 10.3;
					};
				};
			};
			buildConfigurationList = ED7921836161F3F9EA7FB4C39F1082BE /* Build configuration list for PBXProject "Service" */;
			compatibilityVersion = "Xcode 9.3";
			developmentRegion = en;
			hasScannedForEncodings = 0;
			knownRegions = (
				en,
			);
			mainGroup = 947A35060CBCA9B5F67EAA1DDC117204;
			productRefGroup = 152CFB29FBFEEB93471611743DDF36A6 /* Products */;
			projectDirPath = "";
			projectRoot = "";
			targets = (
				77736B9F9242F7ADA1134583D14E692F /* Service */,
				C311A992DEAD0CC116A3EA42A745D13E /* ServiceTests */,
			);
		};
/* End PBXProject section */

/* Begin PBXResourcesBuildPhase section */
		A56072E5FA005D7B2363624030C9E3AD /* Resources */ = {
			isa = PBXResourcesBuildPhase;
			buildActionMask = 2147483647;
			files = (
			);
			runOnlyForDeploymentPostprocessing = 0;
		};
		DC9464A23DFF8BE2C07E8EC7A1F8CD57 /* Resources */ = {
			isa = PBXResourcesBuildPhase;
			buildActionMask = 2147483647;
			files = (
			);
			runOnlyForDeploymentPostprocessing = 0;
		};
/* End PBXResourcesBuildPhase section */

/* Begin PBXShellScriptBuildPhase section */
		083767607DE030A853AC74D7295A2539 /* [CP] Check Pods Manifest.lock */ = {
			isa = PBXShellScriptBuildPhase;
			buildActionMask = 2147483647;
			files = (
			);
			inputFileListPaths = (
			);
			inputPaths = (
				"${PODS_PODFILE_DIR_PATH}/Podfile.lock",
				"${PODS_ROOT}/Manifest.lock",
			);
			name = "[CP] Check Pods Manifest.lock";
			outputFileListPaths = (
			);
			outputPaths = (
				"$(DERIVED_FILE_DIR)/Pods-ServiceTests-checkManifestLockResult.txt",
			);
			runOnlyForDeploymentPostprocessing = 0;
			shellPath = /bin/sh;
			shellScript = "diff \"${PODS_PODFILE_DIR_PATH}/Podfile.lock\" \"${PODS_ROOT}/Manifest.lock\" > /dev/null\nif [ $? != 0 ] ; then\n    # print error to STDERR\n    echo \"error: The sandbox is not in sync with the Podfile.lock. Run 'pod install' or update your CocoaPods installation.\" >&2\n    exit 1\nfi\n# This output is used by Xcode 'outputs' to avoid re-running this script phase.\necho \"SUCCESS\" > \"${SCRIPT_OUTPUT_FILE_0}\"\n";
			showEnvVarsInLog = 0;
		};
		57C891E82D09F795AD511BDB1EC8E826 /* [CP] Embed Pods Frameworks */ = {
			isa = PBXShellScriptBuildPhase;
			buildActionMask = 2147483647;
			files = (
			);
			inputFileListPaths = (
				"${PODS_ROOT}/Target Support Files/Pods-ServiceTests/Pods-ServiceTests-frameworks-${CONFIGURATION}-input-files.xcfilelist",
			);
			name = "[CP] Embed Pods Frameworks";
			outputFileListPaths = (
				"${PODS_ROOT}/Target Support Files/Pods-ServiceTests/Pods-ServiceTests-frameworks-${CONFIGURATION}-output-files.xcfilelist",
			);
			runOnlyForDeploymentPostprocessing = 0;
			shellPath = /bin/sh;
			shellScript = "\"${PODS_ROOT}/Target Support Files/Pods-ServiceTests/Pods-ServiceTests-frameworks.sh\"\n";
			showEnvVarsInLog = 0;
		};
		AC6EE2D480AFDCB8B51ACAB2C29C4367 /* [CP] Check Pods Manifest.lock */ = {
			isa = PBXShellScriptBuildPhase;
			buildActionMask = 2147483647;
			files = (
			);
			inputFileListPaths = (
			);
			inputPaths = (
				"${PODS_PODFILE_DIR_PATH}/Podfile.lock",
				"${PODS_ROOT}/Manifest.lock",
			);
			name = "[CP] Check Pods Manifest.lock";
			outputFileListPaths = (
			);
			outputPaths = (
				"$(DERIVED_FILE_DIR)/Pods-Service-checkManifestLockResult.txt",
			);
			runOnlyForDeploymentPostprocessing = 0;
			shellPath = /bin/sh;
			shellScript = "diff \"${PODS_PODFILE_DIR_PATH}/Podfile.lock\" \"${PODS_ROOT}/Manifest.lock\" > /dev/null\nif [ $? != 0 ] ; then\n    # print error to STDERR\n    echo \"error: The sandbox is not in sync with the Podfile.lock. Run 'pod install' or update your CocoaPods installation.\" >&2\n    exit 1\nfi\n# This output is used by Xcode 'outputs' to avoid re-running this script phase.\necho \"SUCCESS\" > \"${SCRIPT_OUTPUT_FILE_0}\"\n";
			showEnvVarsInLog = 0;
		};
/* End PBXShellScriptBuildPhase section */

/* Begin PBXSourcesBuildPhase section */
		01A79C1C2F7B2FDD970D8829AEDA0556 /* Sources */ = {
			isa = PBXSourcesBuildPhase;
			buildActionMask = 2147483647;
			files = (
				22B2B1882CBDD00DC605946B8D6D8357 /* ServiceTests.swift in Sources */,
			);
			runOnlyForDeploymentPostprocessing = 0;
		};
		9665E4EED1A8EFB296E220FA37C981B0 /* Sources */ = {
			isa = PBXSourcesBuildPhase;
			buildActionMask = 2147483647;
			files = (
				6415F41D8FF1873817FD21E2238E9183 /* Dependency.swift in Sources */,
				9DEAC174234A2C7C009414F9 /* LocationServiceImpl.swift in Sources */,
				ECD0DFE89EDE63C2BE02DEF09BB2FC17 /* UserService.swift in Sources */,
				9DEAC18C234B0458009414F9 /* PlaceService.swift in Sources */,
				9DEAC16D234A2C35009414F9 /* LocationService.swift in Sources */,
				11AB0E62FBA2B2A72D10ADD11E72C5FD /* UserServiceImpl.swift in Sources */,
				9DEAC170234A2C5A009414F9 /* Location.swift in Sources */,
				9DEAC195234B6DA6009414F9 /* SamplePlacerServiceImpl.swift in Sources */,
				802781083A97A24806F47DFFB82D0104 /* UserState.swift in Sources */,
			);
			runOnlyForDeploymentPostprocessing = 0;
		};
/* End PBXSourcesBuildPhase section */

/* Begin PBXTargetDependency section */
		60BDD8BBE677ED47ED359F1800DB7B82 /* PBXTargetDependency */ = {
			isa = PBXTargetDependency;
			target = 77736B9F9242F7ADA1134583D14E692F /* Service */;
			targetProxy = 8D80EA16BB53E180767D0C40DAE18015 /* PBXContainerItemProxy */;
		};
/* End PBXTargetDependency section */

/* Begin XCBuildConfiguration section */
		37ECFB62089538B92939FE62D290358E /* Debug */ = {
			isa = XCBuildConfiguration;
			buildSettings = {
				ALWAYS_SEARCH_USER_PATHS = NO;
				CLANG_ANALYZER_NONNULL = YES;
				CLANG_ANALYZER_NUMBER_OBJECT_CONVERSION = YES_AGGRESSIVE;
				CLANG_CXX_LANGUAGE_STANDARD = "gnu++14";
				CLANG_CXX_LIBRARY = "libc++";
				CLANG_ENABLE_MODULES = YES;
				CLANG_ENABLE_OBJC_ARC = YES;
				CLANG_ENABLE_OBJC_WEAK = YES;
				CLANG_WARN_BLOCK_CAPTURE_AUTORELEASING = YES;
				CLANG_WARN_BOOL_CONVERSION = YES;
				CLANG_WARN_COMMA = YES;
				CLANG_WARN_CONSTANT_CONVERSION = YES;
				CLANG_WARN_DEPRECATED_OBJC_IMPLEMENTATIONS = YES;
				CLANG_WARN_DIRECT_OBJC_ISA_USAGE = YES_ERROR;
				CLANG_WARN_DOCUMENTATION_COMMENTS = YES;
				CLANG_WARN_EMPTY_BODY = YES;
				CLANG_WARN_ENUM_CONVERSION = YES;
				CLANG_WARN_INFINITE_RECURSION = YES;
				CLANG_WARN_INT_CONVERSION = YES;
				CLANG_WARN_NON_LITERAL_NULL_CONVERSION = YES;
				CLANG_WARN_OBJC_IMPLICIT_RETAIN_SELF = YES;
				CLANG_WARN_OBJC_LITERAL_CONVERSION = YES;
				CLANG_WARN_OBJC_ROOT_CLASS = YES_ERROR;
				CLANG_WARN_RANGE_LOOP_ANALYSIS = YES;
				CLANG_WARN_STRICT_PROTOTYPES = YES;
				CLANG_WARN_SUSPICIOUS_MOVE = YES;
				CLANG_WARN_UNGUARDED_AVAILABILITY = YES_AGGRESSIVE;
				CLANG_WARN_UNREACHABLE_CODE = YES;
				CLANG_WARN__DUPLICATE_METHOD_MATCH = YES;
				CODE_SIGN_IDENTITY = "iPhone Developer";
				COPY_PHASE_STRIP = NO;
				CURRENT_PROJECT_VERSION = 1;
				DEBUG_INFORMATION_FORMAT = dwarf;
				ENABLE_STRICT_OBJC_MSGSEND = YES;
				ENABLE_TESTABILITY = YES;
				GCC_C_LANGUAGE_STANDARD = gnu11;
				GCC_DYNAMIC_NO_PIC = NO;
				GCC_NO_COMMON_BLOCKS = YES;
				GCC_OPTIMIZATION_LEVEL = 0;
				GCC_PREPROCESSOR_DEFINITIONS = (
					"DEBUG=1",
					"$(inherited)",
				);
				GCC_WARN_64_TO_32_BIT_CONVERSION = YES;
				GCC_WARN_ABOUT_RETURN_TYPE = YES_ERROR;
				GCC_WARN_UNDECLARED_SELECTOR = YES;
				GCC_WARN_UNINITIALIZED_AUTOS = YES_AGGRESSIVE;
				GCC_WARN_UNUSED_FUNCTION = YES;
				GCC_WARN_UNUSED_VARIABLE = YES;
				IPHONEOS_DEPLOYMENT_TARGET = 12.4;
				MTL_ENABLE_DEBUG_INFO = INCLUDE_SOURCE;
				MTL_FAST_MATH = YES;
				ONLY_ACTIVE_ARCH = YES;
				SDKROOT = iphoneos;
				SWIFT_ACTIVE_COMPILATION_CONDITIONS = DEBUG;
				SWIFT_OPTIMIZATION_LEVEL = "-Onone";
				VERSIONING_SYSTEM = "apple-generic";
				VERSION_INFO_PREFIX = "";
			};
			name = Debug;
		};
		751AAD08D76FE45AD114C18B0C7023E6 /* Debug */ = {
			isa = XCBuildConfiguration;
			baseConfigurationReference = 0CDED40FAD64FAAA96511A85CE097BDA /* Pods-Service.debug.xcconfig */;
			buildSettings = {
				CLANG_ENABLE_MODULES = YES;
				CODE_SIGN_IDENTITY = "";
				CODE_SIGN_STYLE = Automatic;
				DEFINES_MODULE = YES;
				DEVELOPMENT_TEAM = 4U2J29Y5X8;
				DYLIB_COMPATIBILITY_VERSION = 1;
				DYLIB_CURRENT_VERSION = 1;
				DYLIB_INSTALL_NAME_BASE = "@rpath";
				INFOPLIST_FILE = "$(SRCROOT)/Service/Supporting Files/Info.plist";
				INSTALL_PATH = "$(LOCAL_LIBRARY_DIR)/Frameworks";
				IPHONEOS_DEPLOYMENT_TARGET = 10.0;
				LD_RUNPATH_SEARCH_PATHS = (
					"$(inherited)",
					"@executable_path/Frameworks",
					"@loader_path/Frameworks",
				);
				PRODUCT_BUNDLE_IDENTIFIER = io.kawoou.placer.service;
				PRODUCT_NAME = "$(TARGET_NAME:c99extidentifier)";
				SKIP_INSTALL = YES;
				SWIFT_OPTIMIZATION_LEVEL = "-Onone";
				SWIFT_VERSION = 5.0;
				TARGETED_DEVICE_FAMILY = "1,2";
			};
			name = Debug;
		};
		7F1A1C451DAB8E2D57F0DB51D3E2AC36 /* Release */ = {
			isa = XCBuildConfiguration;
			baseConfigurationReference = 23E5ED3318FB937C7370E3346051E9A8 /* Pods-ServiceTests.release.xcconfig */;
			buildSettings = {
				ALWAYS_EMBED_SWIFT_STANDARD_LIBRARIES = YES;
				CODE_SIGN_STYLE = Automatic;
				DEVELOPMENT_TEAM = 4U2J29Y5X8;
				INFOPLIST_FILE = "$(SRCROOT)/ServiceTests/Supporting Files/Info.plist";
				LD_RUNPATH_SEARCH_PATHS = (
					"$(inherited)",
					"@executable_path/Frameworks",
					"@loader_path/Frameworks",
				);
				PRODUCT_BUNDLE_IDENTIFIER = io.kawoou.placer.ServiceTests;
				PRODUCT_NAME = "$(TARGET_NAME)";
				SWIFT_VERSION = 5.0;
				TARGETED_DEVICE_FAMILY = "1,2";
			};
			name = Release;
		};
		8F9F95C221C74B520783FDBBE4BC0EEE /* Release */ = {
			isa = XCBuildConfiguration;
			buildSettings = {
				ALWAYS_SEARCH_USER_PATHS = NO;
				CLANG_ANALYZER_NONNULL = YES;
				CLANG_ANALYZER_NUMBER_OBJECT_CONVERSION = YES_AGGRESSIVE;
				CLANG_CXX_LANGUAGE_STANDARD = "gnu++14";
				CLANG_CXX_LIBRARY = "libc++";
				CLANG_ENABLE_MODULES = YES;
				CLANG_ENABLE_OBJC_ARC = YES;
				CLANG_ENABLE_OBJC_WEAK = YES;
				CLANG_WARN_BLOCK_CAPTURE_AUTORELEASING = YES;
				CLANG_WARN_BOOL_CONVERSION = YES;
				CLANG_WARN_COMMA = YES;
				CLANG_WARN_CONSTANT_CONVERSION = YES;
				CLANG_WARN_DEPRECATED_OBJC_IMPLEMENTATIONS = YES;
				CLANG_WARN_DIRECT_OBJC_ISA_USAGE = YES_ERROR;
				CLANG_WARN_DOCUMENTATION_COMMENTS = YES;
				CLANG_WARN_EMPTY_BODY = YES;
				CLANG_WARN_ENUM_CONVERSION = YES;
				CLANG_WARN_INFINITE_RECURSION = YES;
				CLANG_WARN_INT_CONVERSION = YES;
				CLANG_WARN_NON_LITERAL_NULL_CONVERSION = YES;
				CLANG_WARN_OBJC_IMPLICIT_RETAIN_SELF = YES;
				CLANG_WARN_OBJC_LITERAL_CONVERSION = YES;
				CLANG_WARN_OBJC_ROOT_CLASS = YES_ERROR;
				CLANG_WARN_RANGE_LOOP_ANALYSIS = YES;
				CLANG_WARN_STRICT_PROTOTYPES = YES;
				CLANG_WARN_SUSPICIOUS_MOVE = YES;
				CLANG_WARN_UNGUARDED_AVAILABILITY = YES_AGGRESSIVE;
				CLANG_WARN_UNREACHABLE_CODE = YES;
				CLANG_WARN__DUPLICATE_METHOD_MATCH = YES;
				CODE_SIGN_IDENTITY = "iPhone Developer";
				COPY_PHASE_STRIP = NO;
				CURRENT_PROJECT_VERSION = 1;
				DEBUG_INFORMATION_FORMAT = "dwarf-with-dsym";
				ENABLE_NS_ASSERTIONS = NO;
				ENABLE_STRICT_OBJC_MSGSEND = YES;
				GCC_C_LANGUAGE_STANDARD = gnu11;
				GCC_NO_COMMON_BLOCKS = YES;
				GCC_WARN_64_TO_32_BIT_CONVERSION = YES;
				GCC_WARN_ABOUT_RETURN_TYPE = YES_ERROR;
				GCC_WARN_UNDECLARED_SELECTOR = YES;
				GCC_WARN_UNINITIALIZED_AUTOS = YES_AGGRESSIVE;
				GCC_WARN_UNUSED_FUNCTION = YES;
				GCC_WARN_UNUSED_VARIABLE = YES;
				IPHONEOS_DEPLOYMENT_TARGET = 12.4;
				MTL_ENABLE_DEBUG_INFO = NO;
				MTL_FAST_MATH = YES;
				SDKROOT = iphoneos;
				SWIFT_COMPILATION_MODE = wholemodule;
				SWIFT_OPTIMIZATION_LEVEL = "-O";
				VALIDATE_PRODUCT = YES;
				VERSIONING_SYSTEM = "apple-generic";
				VERSION_INFO_PREFIX = "";
			};
			name = Release;
		};
		D3AAD96035E08281AD270DF9BAEA8608 /* Debug */ = {
			isa = XCBuildConfiguration;
			baseConfigurationReference = 91D56D6BB14D642DE82CF76E7A7C1140 /* Pods-ServiceTests.debug.xcconfig */;
			buildSettings = {
				ALWAYS_EMBED_SWIFT_STANDARD_LIBRARIES = YES;
				CODE_SIGN_STYLE = Automatic;
				DEVELOPMENT_TEAM = 4U2J29Y5X8;
				INFOPLIST_FILE = "$(SRCROOT)/ServiceTests/Supporting Files/Info.plist";
				LD_RUNPATH_SEARCH_PATHS = (
					"$(inherited)",
					"@executable_path/Frameworks",
					"@loader_path/Frameworks",
				);
				PRODUCT_BUNDLE_IDENTIFIER = io.kawoou.placer.ServiceTests;
				PRODUCT_NAME = "$(TARGET_NAME)";
				SWIFT_VERSION = 5.0;
				TARGETED_DEVICE_FAMILY = "1,2";
			};
			name = Debug;
		};
		DA0A6BF61F2446073B85E0C59AF02EAF /* Release */ = {
			isa = XCBuildConfiguration;
			baseConfigurationReference = DB41A3E4AB0D5B4AF0DD1F91C558E542 /* Pods-Service.release.xcconfig */;
			buildSettings = {
				CLANG_ENABLE_MODULES = YES;
				CODE_SIGN_IDENTITY = "";
				CODE_SIGN_STYLE = Automatic;
				DEFINES_MODULE = YES;
				DEVELOPMENT_TEAM = 4U2J29Y5X8;
				DYLIB_COMPATIBILITY_VERSION = 1;
				DYLIB_CURRENT_VERSION = 1;
				DYLIB_INSTALL_NAME_BASE = "@rpath";
				INFOPLIST_FILE = "$(SRCROOT)/Service/Supporting Files/Info.plist";
				INSTALL_PATH = "$(LOCAL_LIBRARY_DIR)/Frameworks";
				IPHONEOS_DEPLOYMENT_TARGET = 10.0;
				LD_RUNPATH_SEARCH_PATHS = (
					"$(inherited)",
					"@executable_path/Frameworks",
					"@loader_path/Frameworks",
				);
				PRODUCT_BUNDLE_IDENTIFIER = io.kawoou.placer.service;
				PRODUCT_NAME = "$(TARGET_NAME:c99extidentifier)";
				SKIP_INSTALL = YES;
				SWIFT_VERSION = 5.0;
				TARGETED_DEVICE_FAMILY = "1,2";
			};
			name = Release;
		};
/* End XCBuildConfiguration section */

/* Begin XCConfigurationList section */
		2C58759336337D992D0C9E37010FD0EA /* Build configuration list for PBXNativeTarget "Service" */ = {
			isa = XCConfigurationList;
			buildConfigurations = (
				751AAD08D76FE45AD114C18B0C7023E6 /* Debug */,
				DA0A6BF61F2446073B85E0C59AF02EAF /* Release */,
			);
			defaultConfigurationIsVisible = 0;
			defaultConfigurationName = Release;
		};
		65059C16A9FB3160A7F2F2A9C2A75BDB /* Build configuration list for PBXNativeTarget "ServiceTests" */ = {
			isa = XCConfigurationList;
			buildConfigurations = (
				D3AAD96035E08281AD270DF9BAEA8608 /* Debug */,
				7F1A1C451DAB8E2D57F0DB51D3E2AC36 /* Release */,
			);
			defaultConfigurationIsVisible = 0;
			defaultConfigurationName = Release;
		};
		ED7921836161F3F9EA7FB4C39F1082BE /* Build configuration list for PBXProject "Service" */ = {
			isa = XCConfigurationList;
			buildConfigurations = (
				37ECFB62089538B92939FE62D290358E /* Debug */,
				8F9F95C221C74B520783FDBBE4BC0EEE /* Release */,
			);
			defaultConfigurationIsVisible = 0;
			defaultConfigurationName = Release;
		};
/* End XCConfigurationList section */
	};
	rootObject = 1E8A2D783808C546A25B7F56B0458E27 /* Project object */;
}
